
Microsoft Visual Studio Solution File, Format Version 12.00
# Visual Studio Version 16
VisualStudioVersion = 16.0.30907.101
MinimumVisualStudioVersion = 10.0.40219.1
Project("{FAE04EC0-301F-11D3-BF4B-00C04F79EFBC}") = "Artem-Kondratovich-Academy-Test-Task", "Artem-Kondratovich-Academy-Test-Task\Artem-Kondratovich-Academy-Test-Task.csproj", "{50DD44DA-5385-497F-B1FE-0FC05AB04A3D}"
EndProject
Global
	GlobalSection(SolutionConfigurationPlatforms) = preSolution
		Debug|Any CPU = Debug|Any CPU
		Release|Any CPU = Release|Any CPU
	EndGlobalSection
	GlobalSection(ProjectConfigurationPlatforms) = postSolution
		{50DD44DA-5385-497F-B1FE-0FC05AB04A3D}.Debug|Any CPU.ActiveCfg = Debug|Any CPU
		{50DD44DA-5385-497F-B1FE-0FC05AB04A3D}.Debug|Any CPU.Build.0 = Debug|Any CPU
		{50DD44DA-5385-497F-B1FE-0FC05AB04A3D}.Release|Any CPU.ActiveCfg = Release|Any CPU
		{50DD44DA-5385-497F-B1FE-0FC05AB04A3D}.Release|Any CPU.Build.0 = Release|Any CPU
	EndGlobalSection
	GlobalSection(SolutionProperties) = preSolution
		HideSolutionNode = FALSE
	EndGlobalSection
	GlobalSection(ExtensibilityGlobals) = postSolution
		SolutionGuid = {D91436A8-9F93-4F8E-B5F4-A819515AF73F}
	EndGlobalSection
EndGlobal
